
Microsoft Visual Studio Solution File, Format Version 12.00
# Visual Studio 14
VisualStudioVersion = 14.0.23107.0
MinimumVisualStudioVersion = 10.0.40219.1
Project("{2150E333-8FDC-42A3-9474-1A3956D46DE8}") = "5_Infrastructure", "5_Infrastructure", "{62C38694-8444-485D-A615-5F4919609C19}"
EndProject
Project("{2150E333-8FDC-42A3-9474-1A3956D46DE8}") = "4_Domain", "4_Domain", "{56845ADD-52CD-4833-8710-FD891D785702}"
EndProject
Project("{FAE04EC0-301F-11D3-BF4B-00C04F79EFBC}") = "Quantum.Domain.Trading", "4_Domain\Quantum.Domain.Trading\Quantum.Domain.Trading.csproj", "{2BFB63C0-2D7A-425A-B284-A34C5297ED2B}"
EndProject
Project("{2150E333-8FDC-42A3-9474-1A3956D46DE8}") = "3_Application", "3_Application", "{A23268CD-DFBE-418E-9F61-5A1C5A50714D}"
EndProject
Project("{FAE04EC0-301F-11D3-BF4B-00C04F79EFBC}") = "Quantum.Application.Trading", "3_Application\Quantum.Application.Trading\Quantum.Application.Trading.csproj", "{200F4EC6-3814-40F2-89A9-93F54535DA65}"
EndProject
Project("{FAE04EC0-301F-11D3-BF4B-00C04F79EFBC}") = "Quantum.Infrastructure.Trading.Repository", "5_Infrastructure\Quantum.Infrastructure.Trading.Repository\Quantum.Infrastructure.Trading.Repository.csproj", "{47FB5AA3-10BD-438C-93A4-50694179A95B}"
EndProject
Project("{2150E333-8FDC-42A3-9474-1A3956D46DE8}") = "2_Trading", "2_Trading", "{A32AE480-F20C-4511-B91E-667C6736E0D9}"
EndProject
Project("{2150E333-8FDC-42A3-9474-1A3956D46DE8}") = "0_Framework", "0_Framework", "{FDC87144-18E0-4824-94BE-C2C5338BD952}"
EndProject
Project("{2150E333-8FDC-42A3-9474-1A3956D46DE8}") = "5_Infrastructure", "5_Infrastructure", "{A01144FC-1906-4EC6-A18A-57A3CF3351C5}"
EndProject
Project("{FAE04EC0-301F-11D3-BF4B-00C04F79EFBC}") = "Framework.Infrastructure.Repository", "5_Infrastructure\Framework.Infrastructure.Repository\Framework.Infrastructure.Repository.csproj", "{EC6C563D-04AC-4EB0-B570-4C458746F230}"
EndProject
Project("{FAE04EC0-301F-11D3-BF4B-00C04F79EFBC}") = "Framework.Infrastructure.Container", "5_Infrastructure\Framework.Infrastructure.Container\Framework.Infrastructure.Container.csproj", "{F3290E90-FF3B-41E3-9369-2DD497A6054B}"
EndProject
Project("{FAE04EC0-301F-11D3-BF4B-00C04F79EFBC}") = "Framework.Infrastructure.Repository.EntityFramework", "5_Infrastructure\Framework.Infrastructure.Repository.EntityFramework\Framework.Infrastructure.Repository.EntityFramework.csproj", "{4A960F2A-4215-442D-9FE7-DA7B45A95615}"
EndProject
Project("{FAE04EC0-301F-11D3-BF4B-00C04F79EFBC}") = "Quantum.Infrastructure.EntityFramework.Configuration", "5_Infrastructure\Quantum.Infrastructure.EntityFramework.Configuration\Quantum.Infrastructure.EntityFramework.Configuration.csproj", "{FA7FF6A0-20AF-4F26-A66D-6EB3D62F32B3}"
EndProject
Project("{2150E333-8FDC-42A3-9474-1A3956D46DE8}") = "1_System", "1_System", "{00408D50-E8F3-4AC1-A35C-8602F930AFAA}"
EndProject
Project("{2150E333-8FDC-42A3-9474-1A3956D46DE8}") = "5_Infrastructure", "5_Infrastructure", "{8063516A-2063-44F3-9563-B0C058F2F0E4}"
EndProject
Project("{2150E333-8FDC-42A3-9474-1A3956D46DE8}") = "6_Test", "6_Test", "{F6C84ED4-95F4-4D91-93FB-DBE79984A4F4}"
EndProject
Project("{FAE04EC0-301F-11D3-BF4B-00C04F79EFBC}") = "Quantum.UnitTest", "6_Test\Quantum.UnitTest\Quantum.UnitTest.csproj", "{F13CED6E-7E0B-4640-BDD7-DA9B4B5BF4E6}"
EndProject
Project("{2150E333-8FDC-42A3-9474-1A3956D46DE8}") = "1_Presentation", "1_Presentation", "{E58976EB-A362-44DB-B623-3084FDEF39BC}"
EndProject
Project("{2150E333-8FDC-42A3-9474-1A3956D46DE8}") = "3_MarketData", "3_MarketData", "{064AAD1B-A718-4272-B0EC-35629D741A25}"
EndProject
Project("{2150E333-8FDC-42A3-9474-1A3956D46DE8}") = "5_Infrastructure", "5_Infrastructure", "{68991D79-AEFD-4219-8BDA-7740A49CDC70}"
EndProject
Project("{FAE04EC0-301F-11D3-BF4B-00C04F79EFBC}") = "Quantum.Infrastructure.Container", "5_Infrastructure\Quantum.Infrastructure.Container\Quantum.Infrastructure.Container.csproj", "{7247FAEE-8950-437A-950B-58DF885A31D9}"
EndProject
Project("{FAE04EC0-301F-11D3-BF4B-00C04F79EFBC}") = "Quantum.Presentation.WinForm", "1_Presentation\Quantum.Presentation.WinForm\Quantum.Presentation.WinForm.csproj", "{15C9539D-B6DE-4D9F-8033-53FA1AE824AD}"
EndProject
Project("{2150E333-8FDC-42A3-9474-1A3956D46DE8}") = "4_Domain", "4_Domain", "{D1BDAC75-4F4B-4A3D-AABA-273C027405F1}"
EndProject
Project("{FAE04EC0-301F-11D3-BF4B-00C04F79EFBC}") = "Quantum.Domain.MarketData", "4_Domain\Quantum.Domain.MarketData\Quantum.Domain.MarketData.csproj", "{71A94027-66CE-4BB7-A562-92C1FAEC5191}"
EndProject
Project("{FAE04EC0-301F-11D3-BF4B-00C04F79EFBC}") = "Quantum.Infrastructure.MarketData.Repository", "5_Infrastructure\Quantum.Infrastructure.MarketData.Repository\Quantum.Infrastructure.MarketData.Repository.csproj", "{842079F0-F867-4CF1-AE22-5C1B893AEFAD}"
EndProject
Project("{FAE04EC0-301F-11D3-BF4B-00C04F79EFBC}") = "Quantum.MarketData.Test", "6_Test\Quantum.MarketData.Test\Quantum.MarketData.Test.csproj", "{F9A9D138-5768-4DEE-A326-A3EA7CC8C108}"
EndProject
Project("{2150E333-8FDC-42A3-9474-1A3956D46DE8}") = "4_Indicator", "4_Indicator", "{ED431FC0-FABF-42EE-9075-D0870A91428B}"
EndProject
Project("{2150E333-8FDC-42A3-9474-1A3956D46DE8}") = "4_Domain", "4_Domain", "{A9778E26-E92F-4897-9532-339383C555A7}"
EndProject
Project("{FAE04EC0-301F-11D3-BF4B-00C04F79EFBC}") = "Quantum.Domain.Indicator", "4_Domain\Quantum.Domain.Indicator\Quantum.Domain.Indicator.csproj", "{A75A5EB5-4CB4-46BA-9FEC-EE77117350DD}"
EndProject
Project("{2150E333-8FDC-42A3-9474-1A3956D46DE8}") = "5_DataReader", "5_DataReader", "{B749BECF-D229-44BB-A84B-7C9101621827}"
EndProject
Project("{2150E333-8FDC-42A3-9474-1A3956D46DE8}") = "5_Infrastructure", "5_Infrastructure", "{80A831EE-CFFD-41D6-AEF7-49648D0FA7A6}"
EndProject
Project("{FAE04EC0-301F-11D3-BF4B-00C04F79EFBC}") = "Framework.Infrastructure.MemoryMappedFile", "5_Infrastructure\Framework.Infrastructure.MemoryMappedFile\Framework.Infrastructure.MemoryMappedFile.csproj", "{EB5BC8C0-BA21-4CC5-A91E-1468017CA15C}"
EndProject
Project("{FAE04EC0-301F-11D3-BF4B-00C04F79EFBC}") = "Framework.Infrastructure.MemoryMappedFile.Test", "6_Test\Framework.Infrastructure.MemoryMappedFile.Test\Framework.Infrastructure.MemoryMappedFile.Test.csproj", "{425C57E2-B5B5-4CF7-BAFA-C654FD5762B9}"
EndProject
Project("{FAE04EC0-301F-11D3-BF4B-00C04F79EFBC}") = "Pitman.DataReader", "..\Pitman\4_Infrastructure\Pitman.DataReader\Pitman.DataReader.csproj", "{8BCFD6F9-B14D-401B-A6AB-E78D84E56672}"
EndProject
Project("{FAE04EC0-301F-11D3-BF4B-00C04F79EFBC}") = "Pitman.Metadata", "..\Pitman\4_Infrastructure\Pitman.Metadata\Pitman.Metadata.csproj", "{39A8BE22-B472-4684-84CF-6CBB10B2CE00}"
EndProject
Project("{2150E333-8FDC-42A3-9474-1A3956D46DE8}") = "3_Application", "3_Application", "{74DF9AB9-4F00-433B-AD16-55B73709948E}"
EndProject
Project("{FAE04EC0-301F-11D3-BF4B-00C04F79EFBC}") = "Quantum.Application.MarketData", "3_Application\Quantum.Application.MarketData\Quantum.Application.MarketData.csproj", "{B5DBC166-4D50-4423-A811-0256B2017987}"
EndProject
Global
	GlobalSection(SolutionConfigurationPlatforms) = preSolution
		Debug|Any CPU = Debug|Any CPU
		Release|Any CPU = Release|Any CPU
	EndGlobalSection
	GlobalSection(ProjectConfigurationPlatforms) = postSolution
		{2BFB63C0-2D7A-425A-B284-A34C5297ED2B}.Debug|Any CPU.ActiveCfg = Debug|Any CPU
		{2BFB63C0-2D7A-425A-B284-A34C5297ED2B}.Debug|Any CPU.Build.0 = Debug|Any CPU
		{2BFB63C0-2D7A-425A-B284-A34C5297ED2B}.Release|Any CPU.ActiveCfg = Release|Any CPU
		{2BFB63C0-2D7A-425A-B284-A34C5297ED2B}.Release|Any CPU.Build.0 = Release|Any CPU
		{200F4EC6-3814-40F2-89A9-93F54535DA65}.Debug|Any CPU.ActiveCfg = Debug|Any CPU
		{200F4EC6-3814-40F2-89A9-93F54535DA65}.Debug|Any CPU.Build.0 = Debug|Any CPU
		{200F4EC6-3814-40F2-89A9-93F54535DA65}.Release|Any CPU.ActiveCfg = Release|Any CPU
		{200F4EC6-3814-40F2-89A9-93F54535DA65}.Release|Any CPU.Build.0 = Release|Any CPU
		{47FB5AA3-10BD-438C-93A4-50694179A95B}.Debug|Any CPU.ActiveCfg = Debug|Any CPU
		{47FB5AA3-10BD-438C-93A4-50694179A95B}.Debug|Any CPU.Build.0 = Debug|Any CPU
		{47FB5AA3-10BD-438C-93A4-50694179A95B}.Release|Any CPU.ActiveCfg = Release|Any CPU
		{47FB5AA3-10BD-438C-93A4-50694179A95B}.Release|Any CPU.Build.0 = Release|Any CPU
		{EC6C563D-04AC-4EB0-B570-4C458746F230}.Debug|Any CPU.ActiveCfg = Debug|Any CPU
		{EC6C563D-04AC-4EB0-B570-4C458746F230}.Debug|Any CPU.Build.0 = Debug|Any CPU
		{EC6C563D-04AC-4EB0-B570-4C458746F230}.Release|Any CPU.ActiveCfg = Release|Any CPU
		{EC6C563D-04AC-4EB0-B570-4C458746F230}.Release|Any CPU.Build.0 = Release|Any CPU
		{F3290E90-FF3B-41E3-9369-2DD497A6054B}.Debug|Any CPU.ActiveCfg = Debug|Any CPU
		{F3290E90-FF3B-41E3-9369-2DD497A6054B}.Debug|Any CPU.Build.0 = Debug|Any CPU
		{F3290E90-FF3B-41E3-9369-2DD497A6054B}.Release|Any CPU.ActiveCfg = Release|Any CPU
		{F3290E90-FF3B-41E3-9369-2DD497A6054B}.Release|Any CPU.Build.0 = Release|Any CPU
		{4A960F2A-4215-442D-9FE7-DA7B45A95615}.Debug|Any CPU.ActiveCfg = Debug|Any CPU
		{4A960F2A-4215-442D-9FE7-DA7B45A95615}.Debug|Any CPU.Build.0 = Debug|Any CPU
		{4A960F2A-4215-442D-9FE7-DA7B45A95615}.Release|Any CPU.ActiveCfg = Release|Any CPU
		{4A960F2A-4215-442D-9FE7-DA7B45A95615}.Release|Any CPU.Build.0 = Release|Any CPU
		{FA7FF6A0-20AF-4F26-A66D-6EB3D62F32B3}.Debug|Any CPU.ActiveCfg = Debug|Any CPU
		{FA7FF6A0-20AF-4F26-A66D-6EB3D62F32B3}.Debug|Any CPU.Build.0 = Debug|Any CPU
		{FA7FF6A0-20AF-4F26-A66D-6EB3D62F32B3}.Release|Any CPU.ActiveCfg = Release|Any CPU
		{FA7FF6A0-20AF-4F26-A66D-6EB3D62F32B3}.Release|Any CPU.Build.0 = Release|Any CPU
		{F13CED6E-7E0B-4640-BDD7-DA9B4B5BF4E6}.Debug|Any CPU.ActiveCfg = Debug|Any CPU
		{F13CED6E-7E0B-4640-BDD7-DA9B4B5BF4E6}.Debug|Any CPU.Build.0 = Debug|Any CPU
		{F13CED6E-7E0B-4640-BDD7-DA9B4B5BF4E6}.Release|Any CPU.ActiveCfg = Release|Any CPU
		{F13CED6E-7E0B-4640-BDD7-DA9B4B5BF4E6}.Release|Any CPU.Build.0 = Release|Any CPU
		{7247FAEE-8950-437A-950B-58DF885A31D9}.Debug|Any CPU.ActiveCfg = Debug|Any CPU
		{7247FAEE-8950-437A-950B-58DF885A31D9}.Debug|Any CPU.Build.0 = Debug|Any CPU
		{7247FAEE-8950-437A-950B-58DF885A31D9}.Release|Any CPU.ActiveCfg = Release|Any CPU
		{7247FAEE-8950-437A-950B-58DF885A31D9}.Release|Any CPU.Build.0 = Release|Any CPU
		{15C9539D-B6DE-4D9F-8033-53FA1AE824AD}.Debug|Any CPU.ActiveCfg = Debug|Any CPU
		{15C9539D-B6DE-4D9F-8033-53FA1AE824AD}.Debug|Any CPU.Build.0 = Debug|Any CPU
		{15C9539D-B6DE-4D9F-8033-53FA1AE824AD}.Release|Any CPU.ActiveCfg = Release|Any CPU
		{15C9539D-B6DE-4D9F-8033-53FA1AE824AD}.Release|Any CPU.Build.0 = Release|Any CPU
		{71A94027-66CE-4BB7-A562-92C1FAEC5191}.Debug|Any CPU.ActiveCfg = Debug|Any CPU
		{71A94027-66CE-4BB7-A562-92C1FAEC5191}.Debug|Any CPU.Build.0 = Debug|Any CPU
		{71A94027-66CE-4BB7-A562-92C1FAEC5191}.Release|Any CPU.ActiveCfg = Release|Any CPU
		{71A94027-66CE-4BB7-A562-92C1FAEC5191}.Release|Any CPU.Build.0 = Release|Any CPU
		{842079F0-F867-4CF1-AE22-5C1B893AEFAD}.Debug|Any CPU.ActiveCfg = Debug|Any CPU
		{842079F0-F867-4CF1-AE22-5C1B893AEFAD}.Debug|Any CPU.Build.0 = Debug|Any CPU
		{842079F0-F867-4CF1-AE22-5C1B893AEFAD}.Release|Any CPU.ActiveCfg = Release|Any CPU
		{842079F0-F867-4CF1-AE22-5C1B893AEFAD}.Release|Any CPU.Build.0 = Release|Any CPU
		{F9A9D138-5768-4DEE-A326-A3EA7CC8C108}.Debug|Any CPU.ActiveCfg = Debug|Any CPU
		{F9A9D138-5768-4DEE-A326-A3EA7CC8C108}.Debug|Any CPU.Build.0 = Debug|Any CPU
		{F9A9D138-5768-4DEE-A326-A3EA7CC8C108}.Release|Any CPU.ActiveCfg = Release|Any CPU
		{F9A9D138-5768-4DEE-A326-A3EA7CC8C108}.Release|Any CPU.Build.0 = Release|Any CPU
		{A75A5EB5-4CB4-46BA-9FEC-EE77117350DD}.Debug|Any CPU.ActiveCfg = Debug|Any CPU
		{A75A5EB5-4CB4-46BA-9FEC-EE77117350DD}.Debug|Any CPU.Build.0 = Debug|Any CPU
		{A75A5EB5-4CB4-46BA-9FEC-EE77117350DD}.Release|Any CPU.ActiveCfg = Release|Any CPU
		{A75A5EB5-4CB4-46BA-9FEC-EE77117350DD}.Release|Any CPU.Build.0 = Release|Any CPU
		{EB5BC8C0-BA21-4CC5-A91E-1468017CA15C}.Debug|Any CPU.ActiveCfg = Debug|Any CPU
		{EB5BC8C0-BA21-4CC5-A91E-1468017CA15C}.Debug|Any CPU.Build.0 = Debug|Any CPU
		{EB5BC8C0-BA21-4CC5-A91E-1468017CA15C}.Release|Any CPU.ActiveCfg = Release|Any CPU
		{EB5BC8C0-BA21-4CC5-A91E-1468017CA15C}.Release|Any CPU.Build.0 = Release|Any CPU
		{425C57E2-B5B5-4CF7-BAFA-C654FD5762B9}.Debug|Any CPU.ActiveCfg = Debug|Any CPU
		{425C57E2-B5B5-4CF7-BAFA-C654FD5762B9}.Debug|Any CPU.Build.0 = Debug|Any CPU
		{425C57E2-B5B5-4CF7-BAFA-C654FD5762B9}.Release|Any CPU.ActiveCfg = Release|Any CPU
		{425C57E2-B5B5-4CF7-BAFA-C654FD5762B9}.Release|Any CPU.Build.0 = Release|Any CPU
		{8BCFD6F9-B14D-401B-A6AB-E78D84E56672}.Debug|Any CPU.ActiveCfg = Debug|Any CPU
		{8BCFD6F9-B14D-401B-A6AB-E78D84E56672}.Debug|Any CPU.Build.0 = Debug|Any CPU
		{8BCFD6F9-B14D-401B-A6AB-E78D84E56672}.Release|Any CPU.ActiveCfg = Release|Any CPU
		{8BCFD6F9-B14D-401B-A6AB-E78D84E56672}.Release|Any CPU.Build.0 = Release|Any CPU
		{39A8BE22-B472-4684-84CF-6CBB10B2CE00}.Debug|Any CPU.ActiveCfg = Debug|Any CPU
		{39A8BE22-B472-4684-84CF-6CBB10B2CE00}.Debug|Any CPU.Build.0 = Debug|Any CPU
		{39A8BE22-B472-4684-84CF-6CBB10B2CE00}.Release|Any CPU.ActiveCfg = Release|Any CPU
		{39A8BE22-B472-4684-84CF-6CBB10B2CE00}.Release|Any CPU.Build.0 = Release|Any CPU
		{B5DBC166-4D50-4423-A811-0256B2017987}.Debug|Any CPU.ActiveCfg = Debug|Any CPU
		{B5DBC166-4D50-4423-A811-0256B2017987}.Debug|Any CPU.Build.0 = Debug|Any CPU
		{B5DBC166-4D50-4423-A811-0256B2017987}.Release|Any CPU.ActiveCfg = Release|Any CPU
		{B5DBC166-4D50-4423-A811-0256B2017987}.Release|Any CPU.Build.0 = Release|Any CPU
	EndGlobalSection
	GlobalSection(SolutionProperties) = preSolution
		HideSolutionNode = FALSE
	EndGlobalSection
	GlobalSection(NestedProjects) = preSolution
		{62C38694-8444-485D-A615-5F4919609C19} = {A32AE480-F20C-4511-B91E-667C6736E0D9}
		{56845ADD-52CD-4833-8710-FD891D785702} = {A32AE480-F20C-4511-B91E-667C6736E0D9}
		{2BFB63C0-2D7A-425A-B284-A34C5297ED2B} = {56845ADD-52CD-4833-8710-FD891D785702}
		{A23268CD-DFBE-418E-9F61-5A1C5A50714D} = {A32AE480-F20C-4511-B91E-667C6736E0D9}
		{200F4EC6-3814-40F2-89A9-93F54535DA65} = {A23268CD-DFBE-418E-9F61-5A1C5A50714D}
		{47FB5AA3-10BD-438C-93A4-50694179A95B} = {62C38694-8444-485D-A615-5F4919609C19}
		{A01144FC-1906-4EC6-A18A-57A3CF3351C5} = {FDC87144-18E0-4824-94BE-C2C5338BD952}
		{EC6C563D-04AC-4EB0-B570-4C458746F230} = {A01144FC-1906-4EC6-A18A-57A3CF3351C5}
		{F3290E90-FF3B-41E3-9369-2DD497A6054B} = {A01144FC-1906-4EC6-A18A-57A3CF3351C5}
		{4A960F2A-4215-442D-9FE7-DA7B45A95615} = {A01144FC-1906-4EC6-A18A-57A3CF3351C5}
		{FA7FF6A0-20AF-4F26-A66D-6EB3D62F32B3} = {8063516A-2063-44F3-9563-B0C058F2F0E4}
		{8063516A-2063-44F3-9563-B0C058F2F0E4} = {00408D50-E8F3-4AC1-A35C-8602F930AFAA}
		{F13CED6E-7E0B-4640-BDD7-DA9B4B5BF4E6} = {F6C84ED4-95F4-4D91-93FB-DBE79984A4F4}
		{E58976EB-A362-44DB-B623-3084FDEF39BC} = {00408D50-E8F3-4AC1-A35C-8602F930AFAA}
		{68991D79-AEFD-4219-8BDA-7740A49CDC70} = {064AAD1B-A718-4272-B0EC-35629D741A25}
		{7247FAEE-8950-437A-950B-58DF885A31D9} = {8063516A-2063-44F3-9563-B0C058F2F0E4}
		{15C9539D-B6DE-4D9F-8033-53FA1AE824AD} = {E58976EB-A362-44DB-B623-3084FDEF39BC}
		{D1BDAC75-4F4B-4A3D-AABA-273C027405F1} = {064AAD1B-A718-4272-B0EC-35629D741A25}
		{71A94027-66CE-4BB7-A562-92C1FAEC5191} = {D1BDAC75-4F4B-4A3D-AABA-273C027405F1}
		{842079F0-F867-4CF1-AE22-5C1B893AEFAD} = {68991D79-AEFD-4219-8BDA-7740A49CDC70}
		{F9A9D138-5768-4DEE-A326-A3EA7CC8C108} = {F6C84ED4-95F4-4D91-93FB-DBE79984A4F4}
		{A9778E26-E92F-4897-9532-339383C555A7} = {ED431FC0-FABF-42EE-9075-D0870A91428B}
		{A75A5EB5-4CB4-46BA-9FEC-EE77117350DD} = {A9778E26-E92F-4897-9532-339383C555A7}
		{80A831EE-CFFD-41D6-AEF7-49648D0FA7A6} = {B749BECF-D229-44BB-A84B-7C9101621827}
		{EB5BC8C0-BA21-4CC5-A91E-1468017CA15C} = {A01144FC-1906-4EC6-A18A-57A3CF3351C5}
		{425C57E2-B5B5-4CF7-BAFA-C654FD5762B9} = {F6C84ED4-95F4-4D91-93FB-DBE79984A4F4}
		{8BCFD6F9-B14D-401B-A6AB-E78D84E56672} = {80A831EE-CFFD-41D6-AEF7-49648D0FA7A6}
		{39A8BE22-B472-4684-84CF-6CBB10B2CE00} = {80A831EE-CFFD-41D6-AEF7-49648D0FA7A6}
		{74DF9AB9-4F00-433B-AD16-55B73709948E} = {064AAD1B-A718-4272-B0EC-35629D741A25}
		{B5DBC166-4D50-4423-A811-0256B2017987} = {74DF9AB9-4F00-433B-AD16-55B73709948E}
	EndGlobalSection
EndGlobal
