
Microsoft Visual Studio Solution File, Format Version 12.00
# Visual Studio 14
VisualStudioVersion = 14.0.23107.0
MinimumVisualStudioVersion = 10.0.40219.1
Project("{2150E333-8FDC-42A3-9474-1A3956D46DE8}") = "4_Domain", "4_Domain", "{56845ADD-52CD-4833-8710-FD891D785702}"
EndProject
Project("{FAE04EC0-301F-11D3-BF4B-00C04F79EFBC}") = "Quantum.Domain.Trading", "4_Domain\Quantum.Domain.Trading\Quantum.Domain.Trading.csproj", "{2BFB63C0-2D7A-425A-B284-A34C5297ED2B}"
EndProject
Project("{2150E333-8FDC-42A3-9474-1A3956D46DE8}") = "3_Application", "3_Application", "{A23268CD-DFBE-418E-9F61-5A1C5A50714D}"
EndProject
Project("{FAE04EC0-301F-11D3-BF4B-00C04F79EFBC}") = "Quantum.Infrastructure.Trading.Repository", "5_Infrastructure\Quantum.Infrastructure.Trading.Repository\Quantum.Infrastructure.Trading.Repository.csproj", "{47FB5AA3-10BD-438C-93A4-50694179A95B}"
EndProject
Project("{2150E333-8FDC-42A3-9474-1A3956D46DE8}") = "5_Infrastructure", "5_Infrastructure", "{8063516A-2063-44F3-9563-B0C058F2F0E4}"
EndProject
Project("{2150E333-8FDC-42A3-9474-1A3956D46DE8}") = "6_Test", "6_Test", "{F6C84ED4-95F4-4D91-93FB-DBE79984A4F4}"
EndProject
Project("{FAE04EC0-301F-11D3-BF4B-00C04F79EFBC}") = "Quantum.UnitTest", "6_Test\Quantum.UnitTest\Quantum.UnitTest.csproj", "{F13CED6E-7E0B-4640-BDD7-DA9B4B5BF4E6}"
EndProject
Project("{2150E333-8FDC-42A3-9474-1A3956D46DE8}") = "1_Presentation", "1_Presentation", "{E58976EB-A362-44DB-B623-3084FDEF39BC}"
EndProject
Project("{FAE04EC0-301F-11D3-BF4B-00C04F79EFBC}") = "Quantum.Presentation.WinForm", "1_Presentation\Quantum.Presentation.WinForm\Quantum.Presentation.WinForm.csproj", "{15C9539D-B6DE-4D9F-8033-53FA1AE824AD}"
EndProject
Project("{FAE04EC0-301F-11D3-BF4B-00C04F79EFBC}") = "Quantum.Domain.Indicator", "4_Domain\Quantum.Domain.Indicator\Quantum.Domain.Indicator.csproj", "{A75A5EB5-4CB4-46BA-9FEC-EE77117350DD}"
EndProject
Project("{FAE04EC0-301F-11D3-BF4B-00C04F79EFBC}") = "Quantum.Domain.MarketData", "4_Domain\Quantum.Domain.MarketData\Quantum.Domain.MarketData.csproj", "{6CD428FE-9631-47B1-BA03-CF7491D8CB5C}"
EndProject
Project("{FAE04EC0-301F-11D3-BF4B-00C04F79EFBC}") = "Test.Domain.MarketData", "6_Test\Test.Domain.MarketData\Test.Domain.MarketData.csproj", "{B8F54790-FA90-464D-8881-9841A711A7B0}"
EndProject
Project("{FAE04EC0-301F-11D3-BF4B-00C04F79EFBC}") = "Quantum.Domain.Decision", "4_Domain\Quantum.Domain.Decision\Quantum.Domain.Decision.csproj", "{97D9E8F2-9163-4846-A914-9B82C377E7A1}"
EndProject
Project("{FAE04EC0-301F-11D3-BF4B-00C04F79EFBC}") = "Quantum.Application.Simulation", "3_Application\Quantum.Application.Simulation\Quantum.Application.Simulation.csproj", "{2EDB22D4-6C48-4256-A017-8E47A5088C49}"
EndProject
Project("{FAE04EC0-301F-11D3-BF4B-00C04F79EFBC}") = "Quantum.Domain.KLineConverter", "4_Domain\Quantum.Domain.KLineConverter\Quantum.Domain.KLineConverter.csproj", "{622DABC0-E519-4060-81CD-0FE488DE50F7}"
EndProject
Project("{FAE04EC0-301F-11D3-BF4B-00C04F79EFBC}") = "Quantum.Infrastructure.EF.Trading.Config", "5_Infrastructure\Quantum.Infrastructure.EF.Trading.Config\Quantum.Infrastructure.EF.Trading.Config.csproj", "{DD3A2D59-C925-4EAC-BF34-9B74301BD97E}"
EndProject
Global
	GlobalSection(SolutionConfigurationPlatforms) = preSolution
		Debug|Any CPU = Debug|Any CPU
		Release|Any CPU = Release|Any CPU
	EndGlobalSection
	GlobalSection(ProjectConfigurationPlatforms) = postSolution
		{2BFB63C0-2D7A-425A-B284-A34C5297ED2B}.Debug|Any CPU.ActiveCfg = Debug|Any CPU
		{2BFB63C0-2D7A-425A-B284-A34C5297ED2B}.Debug|Any CPU.Build.0 = Debug|Any CPU
		{2BFB63C0-2D7A-425A-B284-A34C5297ED2B}.Release|Any CPU.ActiveCfg = Release|Any CPU
		{2BFB63C0-2D7A-425A-B284-A34C5297ED2B}.Release|Any CPU.Build.0 = Release|Any CPU
		{47FB5AA3-10BD-438C-93A4-50694179A95B}.Debug|Any CPU.ActiveCfg = Debug|Any CPU
		{47FB5AA3-10BD-438C-93A4-50694179A95B}.Debug|Any CPU.Build.0 = Debug|Any CPU
		{47FB5AA3-10BD-438C-93A4-50694179A95B}.Release|Any CPU.ActiveCfg = Release|Any CPU
		{47FB5AA3-10BD-438C-93A4-50694179A95B}.Release|Any CPU.Build.0 = Release|Any CPU
		{F13CED6E-7E0B-4640-BDD7-DA9B4B5BF4E6}.Debug|Any CPU.ActiveCfg = Debug|Any CPU
		{F13CED6E-7E0B-4640-BDD7-DA9B4B5BF4E6}.Debug|Any CPU.Build.0 = Debug|Any CPU
		{F13CED6E-7E0B-4640-BDD7-DA9B4B5BF4E6}.Release|Any CPU.ActiveCfg = Release|Any CPU
		{F13CED6E-7E0B-4640-BDD7-DA9B4B5BF4E6}.Release|Any CPU.Build.0 = Release|Any CPU
		{15C9539D-B6DE-4D9F-8033-53FA1AE824AD}.Debug|Any CPU.ActiveCfg = Debug|Any CPU
		{15C9539D-B6DE-4D9F-8033-53FA1AE824AD}.Debug|Any CPU.Build.0 = Debug|Any CPU
		{15C9539D-B6DE-4D9F-8033-53FA1AE824AD}.Release|Any CPU.ActiveCfg = Release|Any CPU
		{15C9539D-B6DE-4D9F-8033-53FA1AE824AD}.Release|Any CPU.Build.0 = Release|Any CPU
		{A75A5EB5-4CB4-46BA-9FEC-EE77117350DD}.Debug|Any CPU.ActiveCfg = Debug|Any CPU
		{A75A5EB5-4CB4-46BA-9FEC-EE77117350DD}.Debug|Any CPU.Build.0 = Debug|Any CPU
		{A75A5EB5-4CB4-46BA-9FEC-EE77117350DD}.Release|Any CPU.ActiveCfg = Release|Any CPU
		{A75A5EB5-4CB4-46BA-9FEC-EE77117350DD}.Release|Any CPU.Build.0 = Release|Any CPU
		{6CD428FE-9631-47B1-BA03-CF7491D8CB5C}.Debug|Any CPU.ActiveCfg = Debug|Any CPU
		{6CD428FE-9631-47B1-BA03-CF7491D8CB5C}.Debug|Any CPU.Build.0 = Debug|Any CPU
		{6CD428FE-9631-47B1-BA03-CF7491D8CB5C}.Release|Any CPU.ActiveCfg = Release|Any CPU
		{6CD428FE-9631-47B1-BA03-CF7491D8CB5C}.Release|Any CPU.Build.0 = Release|Any CPU
		{B8F54790-FA90-464D-8881-9841A711A7B0}.Debug|Any CPU.ActiveCfg = Debug|Any CPU
		{B8F54790-FA90-464D-8881-9841A711A7B0}.Debug|Any CPU.Build.0 = Debug|Any CPU
		{B8F54790-FA90-464D-8881-9841A711A7B0}.Release|Any CPU.ActiveCfg = Release|Any CPU
		{B8F54790-FA90-464D-8881-9841A711A7B0}.Release|Any CPU.Build.0 = Release|Any CPU
		{97D9E8F2-9163-4846-A914-9B82C377E7A1}.Debug|Any CPU.ActiveCfg = Debug|Any CPU
		{97D9E8F2-9163-4846-A914-9B82C377E7A1}.Debug|Any CPU.Build.0 = Debug|Any CPU
		{97D9E8F2-9163-4846-A914-9B82C377E7A1}.Release|Any CPU.ActiveCfg = Release|Any CPU
		{97D9E8F2-9163-4846-A914-9B82C377E7A1}.Release|Any CPU.Build.0 = Release|Any CPU
		{2EDB22D4-6C48-4256-A017-8E47A5088C49}.Debug|Any CPU.ActiveCfg = Debug|Any CPU
		{2EDB22D4-6C48-4256-A017-8E47A5088C49}.Debug|Any CPU.Build.0 = Debug|Any CPU
		{2EDB22D4-6C48-4256-A017-8E47A5088C49}.Release|Any CPU.ActiveCfg = Release|Any CPU
		{2EDB22D4-6C48-4256-A017-8E47A5088C49}.Release|Any CPU.Build.0 = Release|Any CPU
		{622DABC0-E519-4060-81CD-0FE488DE50F7}.Debug|Any CPU.ActiveCfg = Debug|Any CPU
		{622DABC0-E519-4060-81CD-0FE488DE50F7}.Debug|Any CPU.Build.0 = Debug|Any CPU
		{622DABC0-E519-4060-81CD-0FE488DE50F7}.Release|Any CPU.ActiveCfg = Release|Any CPU
		{622DABC0-E519-4060-81CD-0FE488DE50F7}.Release|Any CPU.Build.0 = Release|Any CPU
		{DD3A2D59-C925-4EAC-BF34-9B74301BD97E}.Debug|Any CPU.ActiveCfg = Debug|Any CPU
		{DD3A2D59-C925-4EAC-BF34-9B74301BD97E}.Debug|Any CPU.Build.0 = Debug|Any CPU
		{DD3A2D59-C925-4EAC-BF34-9B74301BD97E}.Release|Any CPU.ActiveCfg = Release|Any CPU
		{DD3A2D59-C925-4EAC-BF34-9B74301BD97E}.Release|Any CPU.Build.0 = Release|Any CPU
	EndGlobalSection
	GlobalSection(SolutionProperties) = preSolution
		HideSolutionNode = FALSE
	EndGlobalSection
	GlobalSection(NestedProjects) = preSolution
		{2BFB63C0-2D7A-425A-B284-A34C5297ED2B} = {56845ADD-52CD-4833-8710-FD891D785702}
		{47FB5AA3-10BD-438C-93A4-50694179A95B} = {8063516A-2063-44F3-9563-B0C058F2F0E4}
		{F13CED6E-7E0B-4640-BDD7-DA9B4B5BF4E6} = {F6C84ED4-95F4-4D91-93FB-DBE79984A4F4}
		{15C9539D-B6DE-4D9F-8033-53FA1AE824AD} = {E58976EB-A362-44DB-B623-3084FDEF39BC}
		{A75A5EB5-4CB4-46BA-9FEC-EE77117350DD} = {56845ADD-52CD-4833-8710-FD891D785702}
		{6CD428FE-9631-47B1-BA03-CF7491D8CB5C} = {56845ADD-52CD-4833-8710-FD891D785702}
		{B8F54790-FA90-464D-8881-9841A711A7B0} = {F6C84ED4-95F4-4D91-93FB-DBE79984A4F4}
		{97D9E8F2-9163-4846-A914-9B82C377E7A1} = {56845ADD-52CD-4833-8710-FD891D785702}
		{2EDB22D4-6C48-4256-A017-8E47A5088C49} = {A23268CD-DFBE-418E-9F61-5A1C5A50714D}
		{622DABC0-E519-4060-81CD-0FE488DE50F7} = {56845ADD-52CD-4833-8710-FD891D785702}
		{DD3A2D59-C925-4EAC-BF34-9B74301BD97E} = {8063516A-2063-44F3-9563-B0C058F2F0E4}
	EndGlobalSection
EndGlobal
