
Microsoft Visual Studio Solution File, Format Version 12.00
# Visual Studio 14
VisualStudioVersion = 14.0.24720.0
MinimumVisualStudioVersion = 10.0.40219.1
Project("{2150E333-8FDC-42A3-9474-1A3956D46DE8}") = "4_Domain", "4_Domain", "{56845ADD-52CD-4833-8710-FD891D785702}"
EndProject
Project("{FAE04EC0-301F-11D3-BF4B-00C04F79EFBC}") = "Quantum.Domain.Trading", "4_Domain\Quantum.Domain.Trading\Quantum.Domain.Trading.csproj", "{2BFB63C0-2D7A-425A-B284-A34C5297ED2B}"
EndProject
Project("{2150E333-8FDC-42A3-9474-1A3956D46DE8}") = "3_Application", "3_Application", "{A23268CD-DFBE-418E-9F61-5A1C5A50714D}"
EndProject
Project("{2150E333-8FDC-42A3-9474-1A3956D46DE8}") = "5_Infrastructure", "5_Infrastructure", "{8063516A-2063-44F3-9563-B0C058F2F0E4}"
EndProject
Project("{2150E333-8FDC-42A3-9474-1A3956D46DE8}") = "6_Test", "6_Test", "{F6C84ED4-95F4-4D91-93FB-DBE79984A4F4}"
EndProject
Project("{2150E333-8FDC-42A3-9474-1A3956D46DE8}") = "1_Presentation", "1_Presentation", "{E58976EB-A362-44DB-B623-3084FDEF39BC}"
EndProject
Project("{FAE04EC0-301F-11D3-BF4B-00C04F79EFBC}") = "Quantum.Domain.MarketData", "4_Domain\Quantum.Domain.MarketData\Quantum.Domain.MarketData.csproj", "{6CD428FE-9631-47B1-BA03-CF7491D8CB5C}"
EndProject
Project("{FAE04EC0-301F-11D3-BF4B-00C04F79EFBC}") = "Test.Domain.MarketData", "6_Test\Test.Domain.MarketData\Test.Domain.MarketData.csproj", "{B8F54790-FA90-464D-8881-9841A711A7B0}"
EndProject
Project("{FAE04EC0-301F-11D3-BF4B-00C04F79EFBC}") = "Quantum.Domain.Decision", "4_Domain\Quantum.Domain.Decision\Quantum.Domain.Decision.csproj", "{97D9E8F2-9163-4846-A914-9B82C377E7A1}"
EndProject
Project("{FAE04EC0-301F-11D3-BF4B-00C04F79EFBC}") = "Quantum.Application.Simulation", "3_Application\Quantum.Application.Simulation\Quantum.Application.Simulation.csproj", "{2EDB22D4-6C48-4256-A017-8E47A5088C49}"
EndProject
Project("{2150E333-8FDC-42A3-9474-1A3956D46DE8}") = "2_Distributed", "2_Distributed", "{37338545-291B-4F7D-8CA3-530F434EE9B7}"
EndProject
Project("{2150E333-8FDC-42A3-9474-1A3956D46DE8}") = "0_Server", "0_Server", "{48B32FEB-35B7-4B12-A450-A7CE92EFCF6D}"
EndProject
Project("{2150E333-8FDC-42A3-9474-1A3956D46DE8}") = "1_Client", "1_Client", "{A833E5E1-4833-4429-8FD6-6AA24E3BE2E3}"
EndProject
Project("{FAE04EC0-301F-11D3-BF4B-00C04F79EFBC}") = "Quantum.ConsoleApp", "1_Presentation\Quantum.ConsoleApp\Quantum.ConsoleApp.csproj", "{AFB297D6-EAEA-44EE-9723-465B37EB46F2}"
EndProject
Project("{FAE04EC0-301F-11D3-BF4B-00C04F79EFBC}") = "Quantum.RESTful.Client", "1_Presentation\Quantum.RESTful.Client\Quantum.RESTful.Client.csproj", "{B5055DD4-6A72-48E9-8A8C-44C6AEB4EC47}"
EndProject
Project("{FAE04EC0-301F-11D3-BF4B-00C04F79EFBC}") = "Quantum.Distributed.WebApi", "2_Distributed\Quantum.Distributed.WebApi\Quantum.Distributed.WebApi.csproj", "{B92309C5-D45C-45E4-BA4D-C350BF0B111D}"
EndProject
Project("{FAE04EC0-301F-11D3-BF4B-00C04F79EFBC}") = "Test.Domain.Trading", "6_Test\Test.Domain.Trading\Test.Domain.Trading.csproj", "{168CE1A5-BFFE-4629-9A26-EDD45CF07623}"
EndProject
Project("{FAE04EC0-301F-11D3-BF4B-00C04F79EFBC}") = "Quantum.Domain.TimeSeries", "4_Domain\Quantum.Domain.TimeSeries\Quantum.Domain.TimeSeries.csproj", "{BB4B1906-7F8E-4826-8486-B5DBE93C5515}"
EndProject
Project("{FAE04EC0-301F-11D3-BF4B-00C04F79EFBC}") = "Test.Domain.TimeSeries", "6_Test\Test.Domain.TimeSeries\Test.Domain.TimeSeries.csproj", "{BD7B9E13-E4DD-4BD4-AAEA-86E0CB33E6C8}"
EndProject
Project("{FAE04EC0-301F-11D3-BF4B-00C04F79EFBC}") = "Quantum.Domain.Decision.GoldMiner", "4_Domain\Quantum.Domain.Decision.GoldMiner\Quantum.Domain.Decision.GoldMiner.csproj", "{3BD78C74-BDA6-4F6F-B7AF-4F64E63F30FB}"
EndProject
Project("{FAE04EC0-301F-11D3-BF4B-00C04F79EFBC}") = "Quantum.Application.GoldMiner", "3_Application\Quantum.Application.GoldMiner\Quantum.Application.GoldMiner.csproj", "{E56797A8-BCF8-4ED6-9CCE-4AFF6AB83F8D}"
EndProject
Project("{FAE04EC0-301F-11D3-BF4B-00C04F79EFBC}") = "Test.Application.Simulation", "6_Test\Test.Application.Simulation\Test.Application.Simulation.csproj", "{C5448C63-2607-47F5-929A-FC96F5760C7E}"
EndProject
Global
	GlobalSection(SolutionConfigurationPlatforms) = preSolution
		Debug|Any CPU = Debug|Any CPU
		Release|Any CPU = Release|Any CPU
	EndGlobalSection
	GlobalSection(ProjectConfigurationPlatforms) = postSolution
		{2BFB63C0-2D7A-425A-B284-A34C5297ED2B}.Debug|Any CPU.ActiveCfg = Debug|Any CPU
		{2BFB63C0-2D7A-425A-B284-A34C5297ED2B}.Debug|Any CPU.Build.0 = Debug|Any CPU
		{2BFB63C0-2D7A-425A-B284-A34C5297ED2B}.Release|Any CPU.ActiveCfg = Release|Any CPU
		{2BFB63C0-2D7A-425A-B284-A34C5297ED2B}.Release|Any CPU.Build.0 = Release|Any CPU
		{6CD428FE-9631-47B1-BA03-CF7491D8CB5C}.Debug|Any CPU.ActiveCfg = Debug|Any CPU
		{6CD428FE-9631-47B1-BA03-CF7491D8CB5C}.Debug|Any CPU.Build.0 = Debug|Any CPU
		{6CD428FE-9631-47B1-BA03-CF7491D8CB5C}.Release|Any CPU.ActiveCfg = Release|Any CPU
		{6CD428FE-9631-47B1-BA03-CF7491D8CB5C}.Release|Any CPU.Build.0 = Release|Any CPU
		{B8F54790-FA90-464D-8881-9841A711A7B0}.Debug|Any CPU.ActiveCfg = Debug|Any CPU
		{B8F54790-FA90-464D-8881-9841A711A7B0}.Debug|Any CPU.Build.0 = Debug|Any CPU
		{B8F54790-FA90-464D-8881-9841A711A7B0}.Release|Any CPU.ActiveCfg = Release|Any CPU
		{B8F54790-FA90-464D-8881-9841A711A7B0}.Release|Any CPU.Build.0 = Release|Any CPU
		{97D9E8F2-9163-4846-A914-9B82C377E7A1}.Debug|Any CPU.ActiveCfg = Debug|Any CPU
		{97D9E8F2-9163-4846-A914-9B82C377E7A1}.Debug|Any CPU.Build.0 = Debug|Any CPU
		{97D9E8F2-9163-4846-A914-9B82C377E7A1}.Release|Any CPU.ActiveCfg = Release|Any CPU
		{97D9E8F2-9163-4846-A914-9B82C377E7A1}.Release|Any CPU.Build.0 = Release|Any CPU
		{2EDB22D4-6C48-4256-A017-8E47A5088C49}.Debug|Any CPU.ActiveCfg = Debug|Any CPU
		{2EDB22D4-6C48-4256-A017-8E47A5088C49}.Debug|Any CPU.Build.0 = Debug|Any CPU
		{2EDB22D4-6C48-4256-A017-8E47A5088C49}.Release|Any CPU.ActiveCfg = Release|Any CPU
		{2EDB22D4-6C48-4256-A017-8E47A5088C49}.Release|Any CPU.Build.0 = Release|Any CPU
		{AFB297D6-EAEA-44EE-9723-465B37EB46F2}.Debug|Any CPU.ActiveCfg = Debug|Any CPU
		{AFB297D6-EAEA-44EE-9723-465B37EB46F2}.Debug|Any CPU.Build.0 = Debug|Any CPU
		{AFB297D6-EAEA-44EE-9723-465B37EB46F2}.Release|Any CPU.ActiveCfg = Release|Any CPU
		{AFB297D6-EAEA-44EE-9723-465B37EB46F2}.Release|Any CPU.Build.0 = Release|Any CPU
		{B5055DD4-6A72-48E9-8A8C-44C6AEB4EC47}.Debug|Any CPU.ActiveCfg = Debug|Any CPU
		{B5055DD4-6A72-48E9-8A8C-44C6AEB4EC47}.Debug|Any CPU.Build.0 = Debug|Any CPU
		{B5055DD4-6A72-48E9-8A8C-44C6AEB4EC47}.Release|Any CPU.ActiveCfg = Release|Any CPU
		{B5055DD4-6A72-48E9-8A8C-44C6AEB4EC47}.Release|Any CPU.Build.0 = Release|Any CPU
		{B92309C5-D45C-45E4-BA4D-C350BF0B111D}.Debug|Any CPU.ActiveCfg = Debug|Any CPU
		{B92309C5-D45C-45E4-BA4D-C350BF0B111D}.Debug|Any CPU.Build.0 = Debug|Any CPU
		{B92309C5-D45C-45E4-BA4D-C350BF0B111D}.Release|Any CPU.ActiveCfg = Release|Any CPU
		{B92309C5-D45C-45E4-BA4D-C350BF0B111D}.Release|Any CPU.Build.0 = Release|Any CPU
		{168CE1A5-BFFE-4629-9A26-EDD45CF07623}.Debug|Any CPU.ActiveCfg = Debug|Any CPU
		{168CE1A5-BFFE-4629-9A26-EDD45CF07623}.Debug|Any CPU.Build.0 = Debug|Any CPU
		{168CE1A5-BFFE-4629-9A26-EDD45CF07623}.Release|Any CPU.ActiveCfg = Release|Any CPU
		{168CE1A5-BFFE-4629-9A26-EDD45CF07623}.Release|Any CPU.Build.0 = Release|Any CPU
		{BB4B1906-7F8E-4826-8486-B5DBE93C5515}.Debug|Any CPU.ActiveCfg = Debug|Any CPU
		{BB4B1906-7F8E-4826-8486-B5DBE93C5515}.Debug|Any CPU.Build.0 = Debug|Any CPU
		{BB4B1906-7F8E-4826-8486-B5DBE93C5515}.Release|Any CPU.ActiveCfg = Release|Any CPU
		{BB4B1906-7F8E-4826-8486-B5DBE93C5515}.Release|Any CPU.Build.0 = Release|Any CPU
		{BD7B9E13-E4DD-4BD4-AAEA-86E0CB33E6C8}.Debug|Any CPU.ActiveCfg = Debug|Any CPU
		{BD7B9E13-E4DD-4BD4-AAEA-86E0CB33E6C8}.Debug|Any CPU.Build.0 = Debug|Any CPU
		{BD7B9E13-E4DD-4BD4-AAEA-86E0CB33E6C8}.Release|Any CPU.ActiveCfg = Release|Any CPU
		{BD7B9E13-E4DD-4BD4-AAEA-86E0CB33E6C8}.Release|Any CPU.Build.0 = Release|Any CPU
		{3BD78C74-BDA6-4F6F-B7AF-4F64E63F30FB}.Debug|Any CPU.ActiveCfg = Debug|Any CPU
		{3BD78C74-BDA6-4F6F-B7AF-4F64E63F30FB}.Debug|Any CPU.Build.0 = Debug|Any CPU
		{3BD78C74-BDA6-4F6F-B7AF-4F64E63F30FB}.Release|Any CPU.ActiveCfg = Release|Any CPU
		{3BD78C74-BDA6-4F6F-B7AF-4F64E63F30FB}.Release|Any CPU.Build.0 = Release|Any CPU
		{E56797A8-BCF8-4ED6-9CCE-4AFF6AB83F8D}.Debug|Any CPU.ActiveCfg = Debug|Any CPU
		{E56797A8-BCF8-4ED6-9CCE-4AFF6AB83F8D}.Debug|Any CPU.Build.0 = Debug|Any CPU
		{E56797A8-BCF8-4ED6-9CCE-4AFF6AB83F8D}.Release|Any CPU.ActiveCfg = Release|Any CPU
		{E56797A8-BCF8-4ED6-9CCE-4AFF6AB83F8D}.Release|Any CPU.Build.0 = Release|Any CPU
		{C5448C63-2607-47F5-929A-FC96F5760C7E}.Debug|Any CPU.ActiveCfg = Debug|Any CPU
		{C5448C63-2607-47F5-929A-FC96F5760C7E}.Debug|Any CPU.Build.0 = Debug|Any CPU
		{C5448C63-2607-47F5-929A-FC96F5760C7E}.Release|Any CPU.ActiveCfg = Release|Any CPU
		{C5448C63-2607-47F5-929A-FC96F5760C7E}.Release|Any CPU.Build.0 = Release|Any CPU
	EndGlobalSection
	GlobalSection(SolutionProperties) = preSolution
		HideSolutionNode = FALSE
	EndGlobalSection
	GlobalSection(NestedProjects) = preSolution
		{2BFB63C0-2D7A-425A-B284-A34C5297ED2B} = {56845ADD-52CD-4833-8710-FD891D785702}
		{6CD428FE-9631-47B1-BA03-CF7491D8CB5C} = {56845ADD-52CD-4833-8710-FD891D785702}
		{B8F54790-FA90-464D-8881-9841A711A7B0} = {F6C84ED4-95F4-4D91-93FB-DBE79984A4F4}
		{97D9E8F2-9163-4846-A914-9B82C377E7A1} = {56845ADD-52CD-4833-8710-FD891D785702}
		{2EDB22D4-6C48-4256-A017-8E47A5088C49} = {A23268CD-DFBE-418E-9F61-5A1C5A50714D}
		{48B32FEB-35B7-4B12-A450-A7CE92EFCF6D} = {E58976EB-A362-44DB-B623-3084FDEF39BC}
		{A833E5E1-4833-4429-8FD6-6AA24E3BE2E3} = {E58976EB-A362-44DB-B623-3084FDEF39BC}
		{AFB297D6-EAEA-44EE-9723-465B37EB46F2} = {48B32FEB-35B7-4B12-A450-A7CE92EFCF6D}
		{B5055DD4-6A72-48E9-8A8C-44C6AEB4EC47} = {A833E5E1-4833-4429-8FD6-6AA24E3BE2E3}
		{B92309C5-D45C-45E4-BA4D-C350BF0B111D} = {37338545-291B-4F7D-8CA3-530F434EE9B7}
		{168CE1A5-BFFE-4629-9A26-EDD45CF07623} = {F6C84ED4-95F4-4D91-93FB-DBE79984A4F4}
		{BB4B1906-7F8E-4826-8486-B5DBE93C5515} = {56845ADD-52CD-4833-8710-FD891D785702}
		{BD7B9E13-E4DD-4BD4-AAEA-86E0CB33E6C8} = {F6C84ED4-95F4-4D91-93FB-DBE79984A4F4}
		{3BD78C74-BDA6-4F6F-B7AF-4F64E63F30FB} = {56845ADD-52CD-4833-8710-FD891D785702}
		{E56797A8-BCF8-4ED6-9CCE-4AFF6AB83F8D} = {A23268CD-DFBE-418E-9F61-5A1C5A50714D}
		{C5448C63-2607-47F5-929A-FC96F5760C7E} = {F6C84ED4-95F4-4D91-93FB-DBE79984A4F4}
	EndGlobalSection
EndGlobal
