
Microsoft Visual Studio Solution File, Format Version 12.00
# Visual Studio 2013
VisualStudioVersion = 12.0.30110.0
MinimumVisualStudioVersion = 10.0.40219.1
Project("{2150E333-8FDC-42A3-9474-1A3956D46DE8}") = "1.4-Infrastructure", "1.4-Infrastructure", "{64D7FF79-E3E1-4EE2-BF8D-34D0AD885A7D}"
EndProject
Project("{2150E333-8FDC-42A3-9474-1A3956D46DE8}") = "1.3-Domain", "1.3-Domain", "{5C914F77-6156-4746-BE48-07332DFD9931}"
EndProject
Project("{2150E333-8FDC-42A3-9474-1A3956D46DE8}") = "1.2-Application", "1.2-Application", "{10B547A7-0473-4503-BCEA-EA7A9846413C}"
EndProject
Project("{FAE04EC0-301F-11D3-BF4B-00C04F79EFBC}") = "PF.Application.StockData", "3_Application\PF.Application.AppService\PF.Application.StockData.csproj", "{75BD354D-E513-4645-952F-9CBE89B73DCD}"
EndProject
Project("{FAE04EC0-301F-11D3-BF4B-00C04F79EFBC}") = "PF.Domain.StockData", "4_Domain\PF.Domain.StockData\PF.Domain.StockData.csproj", "{85A9500D-2C70-46D8-B5B5-43AA5D8B2F31}"
EndProject
Project("{2150E333-8FDC-42A3-9474-1A3956D46DE8}") = "1.1-DistributedService", "1.1-DistributedService", "{282313D6-0FF7-4F61-8782-2D13365BDFCB}"
EndProject
Project("{2150E333-8FDC-42A3-9474-1A3956D46DE8}") = "0.0-Modeling", "0.0-Modeling", "{B2770E45-661B-4E6A-A473-1C2A333C083E}"
EndProject
Project("{F088123C-0E9E-452A-89E6-6BA2F21D5CAC}") = "PredictFutureModeling", "0_Design\PredictFutureModeling\PredictFutureModeling.modelproj", "{4F06D207-9332-4872-BDE8-AE9C392D9B73}"
EndProject
Project("{2150E333-8FDC-42A3-9474-1A3956D46DE8}") = "1.5-Test", "1.5-Test", "{BF2250BA-F4D4-4E61-A9F4-03696AF68DA8}"
EndProject
Project("{FAE04EC0-301F-11D3-BF4B-00C04F79EFBC}") = "PF.Test", "6_Test\PF.Test\PF.Test.csproj", "{0161F194-8DA4-427E-95B6-CD28D01E64E6}"
EndProject
Project("{FAE04EC0-301F-11D3-BF4B-00C04F79EFBC}") = "PF.Application.Dto", "3_Application\PF.Application.Dto\PF.Application.Dto.csproj", "{9E8B66AB-D59F-4A14-B134-09060B963F79}"
EndProject
Project("{FAE04EC0-301F-11D3-BF4B-00C04F79EFBC}") = "PF.Domain.FilterEngine", "4_Domain\PF.Domain.FilterEngine\PF.Domain.FilterEngine.csproj", "{3D3527B7-EEC0-44EF-92DE-9D131C47C07A}"
EndProject
Project("{FAE04EC0-301F-11D3-BF4B-00C04F79EFBC}") = "PF.Domain.FilterCondition", "4_Domain\PF.Domain.FilterCondition\PF.Domain.FilterCondition.csproj", "{EC9DEEA1-2A69-42D7-B94A-13B0DC88E420}"
EndProject
Project("{FAE04EC0-301F-11D3-BF4B-00C04F79EFBC}") = "PF.Application.UserContext", "3_Application\PF.Application.UserContext\PF.Application.UserContext.csproj", "{86D03160-72F7-48CA-99B9-F2CBC596D63C}"
EndProject
Project("{FAE04EC0-301F-11D3-BF4B-00C04F79EFBC}") = "PF.Domain.Indicator", "4_Domain\PF.Domain.Indicator\PF.Domain.Indicator.csproj", "{1F213249-0B50-47C1-8273-40E7AECC62F5}"
EndProject
Project("{FAE04EC0-301F-11D3-BF4B-00C04F79EFBC}") = "PF.DistributedService.Contracts", "2_Distributed\PF.DistributedService.Contracts\PF.DistributedService.Contracts.csproj", "{9EAB8823-FD8A-4A0C-8028-068DA610FB80}"
EndProject
Project("{FAE04EC0-301F-11D3-BF4B-00C04F79EFBC}") = "PF.DistributedService.Hosting", "2_Distributed\PF.DistributedService.Hosting\PF.DistributedService.Hosting.csproj", "{863E8225-CA98-4FB7-A57C-EFDD3053539E}"
EndProject
Project("{FAE04EC0-301F-11D3-BF4B-00C04F79EFBC}") = "PF.DistributedService", "2_Distributed\PF.DistributedService\PF.DistributedService.csproj", "{65CB8B4E-C1E3-49E4-AA34-F03547140DD7}"
EndProject
Project("{FAE04EC0-301F-11D3-BF4B-00C04F79EFBC}") = "PF.Infrastructure.Impl.DbConfig", "5_Infrastructure\PF.Infrastructure.Impl.DbConfig\PF.Infrastructure.Impl.DbConfig.csproj", "{911532DF-F0A2-4FF5-87B5-D9AD63007223}"
EndProject
Project("{FAE04EC0-301F-11D3-BF4B-00C04F79EFBC}") = "PF.Infrastructure.Impl.DtoAdapter", "5_Infrastructure\PF.Infrastructure.Impl.DtoAdapter\PF.Infrastructure.Impl.DtoAdapter.csproj", "{322597ED-A65E-43CE-BB3B-98266ED42129}"
EndProject
Project("{FAE04EC0-301F-11D3-BF4B-00C04F79EFBC}") = "PF.Domain.FilterTasks", "4_Domain\PF.Domain.FilterTasks\PF.Domain.FilterTasks.csproj", "{45448AF0-2D63-4149-97AF-2B6091A6BB67}"
EndProject
Project("{FAE04EC0-301F-11D3-BF4B-00C04F79EFBC}") = "PF.Application.StockFilter", "3_Application\PF.Application.StockFilter\PF.Application.StockFilter.csproj", "{44104222-8A79-424F-B4DE-57DB55ED8D45}"
EndProject
Project("{FAE04EC0-301F-11D3-BF4B-00C04F79EFBC}") = "PF.TestLocalDB", "6_Test\PF.TestWithoutDB\PF.TestLocalDB.csproj", "{D9AC0083-8244-44C7-96F9-5984F5FEDCC2}"
EndProject
Global
	GlobalSection(SolutionConfigurationPlatforms) = preSolution
		Debug|Any CPU = Debug|Any CPU
		Release|Any CPU = Release|Any CPU
	EndGlobalSection
	GlobalSection(ProjectConfigurationPlatforms) = postSolution
		{75BD354D-E513-4645-952F-9CBE89B73DCD}.Debug|Any CPU.ActiveCfg = Debug|Any CPU
		{75BD354D-E513-4645-952F-9CBE89B73DCD}.Debug|Any CPU.Build.0 = Debug|Any CPU
		{75BD354D-E513-4645-952F-9CBE89B73DCD}.Release|Any CPU.ActiveCfg = Release|Any CPU
		{75BD354D-E513-4645-952F-9CBE89B73DCD}.Release|Any CPU.Build.0 = Release|Any CPU
		{85A9500D-2C70-46D8-B5B5-43AA5D8B2F31}.Debug|Any CPU.ActiveCfg = Debug|Any CPU
		{85A9500D-2C70-46D8-B5B5-43AA5D8B2F31}.Debug|Any CPU.Build.0 = Debug|Any CPU
		{85A9500D-2C70-46D8-B5B5-43AA5D8B2F31}.Release|Any CPU.ActiveCfg = Release|Any CPU
		{85A9500D-2C70-46D8-B5B5-43AA5D8B2F31}.Release|Any CPU.Build.0 = Release|Any CPU
		{4F06D207-9332-4872-BDE8-AE9C392D9B73}.Debug|Any CPU.ActiveCfg = Debug|Any CPU
		{4F06D207-9332-4872-BDE8-AE9C392D9B73}.Debug|Any CPU.Build.0 = Debug|Any CPU
		{4F06D207-9332-4872-BDE8-AE9C392D9B73}.Release|Any CPU.ActiveCfg = Release|Any CPU
		{4F06D207-9332-4872-BDE8-AE9C392D9B73}.Release|Any CPU.Build.0 = Release|Any CPU
		{0161F194-8DA4-427E-95B6-CD28D01E64E6}.Debug|Any CPU.ActiveCfg = Debug|Any CPU
		{0161F194-8DA4-427E-95B6-CD28D01E64E6}.Debug|Any CPU.Build.0 = Debug|Any CPU
		{0161F194-8DA4-427E-95B6-CD28D01E64E6}.Release|Any CPU.ActiveCfg = Release|Any CPU
		{0161F194-8DA4-427E-95B6-CD28D01E64E6}.Release|Any CPU.Build.0 = Release|Any CPU
		{9E8B66AB-D59F-4A14-B134-09060B963F79}.Debug|Any CPU.ActiveCfg = Debug|Any CPU
		{9E8B66AB-D59F-4A14-B134-09060B963F79}.Debug|Any CPU.Build.0 = Debug|Any CPU
		{9E8B66AB-D59F-4A14-B134-09060B963F79}.Release|Any CPU.ActiveCfg = Release|Any CPU
		{9E8B66AB-D59F-4A14-B134-09060B963F79}.Release|Any CPU.Build.0 = Release|Any CPU
		{3D3527B7-EEC0-44EF-92DE-9D131C47C07A}.Debug|Any CPU.ActiveCfg = Debug|Any CPU
		{3D3527B7-EEC0-44EF-92DE-9D131C47C07A}.Debug|Any CPU.Build.0 = Debug|Any CPU
		{3D3527B7-EEC0-44EF-92DE-9D131C47C07A}.Release|Any CPU.ActiveCfg = Release|Any CPU
		{3D3527B7-EEC0-44EF-92DE-9D131C47C07A}.Release|Any CPU.Build.0 = Release|Any CPU
		{EC9DEEA1-2A69-42D7-B94A-13B0DC88E420}.Debug|Any CPU.ActiveCfg = Debug|Any CPU
		{EC9DEEA1-2A69-42D7-B94A-13B0DC88E420}.Debug|Any CPU.Build.0 = Debug|Any CPU
		{EC9DEEA1-2A69-42D7-B94A-13B0DC88E420}.Release|Any CPU.ActiveCfg = Release|Any CPU
		{EC9DEEA1-2A69-42D7-B94A-13B0DC88E420}.Release|Any CPU.Build.0 = Release|Any CPU
		{86D03160-72F7-48CA-99B9-F2CBC596D63C}.Debug|Any CPU.ActiveCfg = Debug|Any CPU
		{86D03160-72F7-48CA-99B9-F2CBC596D63C}.Debug|Any CPU.Build.0 = Debug|Any CPU
		{86D03160-72F7-48CA-99B9-F2CBC596D63C}.Release|Any CPU.ActiveCfg = Release|Any CPU
		{86D03160-72F7-48CA-99B9-F2CBC596D63C}.Release|Any CPU.Build.0 = Release|Any CPU
		{1F213249-0B50-47C1-8273-40E7AECC62F5}.Debug|Any CPU.ActiveCfg = Debug|Any CPU
		{1F213249-0B50-47C1-8273-40E7AECC62F5}.Debug|Any CPU.Build.0 = Debug|Any CPU
		{1F213249-0B50-47C1-8273-40E7AECC62F5}.Release|Any CPU.ActiveCfg = Release|Any CPU
		{1F213249-0B50-47C1-8273-40E7AECC62F5}.Release|Any CPU.Build.0 = Release|Any CPU
		{9EAB8823-FD8A-4A0C-8028-068DA610FB80}.Debug|Any CPU.ActiveCfg = Debug|Any CPU
		{9EAB8823-FD8A-4A0C-8028-068DA610FB80}.Debug|Any CPU.Build.0 = Debug|Any CPU
		{9EAB8823-FD8A-4A0C-8028-068DA610FB80}.Release|Any CPU.ActiveCfg = Release|Any CPU
		{9EAB8823-FD8A-4A0C-8028-068DA610FB80}.Release|Any CPU.Build.0 = Release|Any CPU
		{863E8225-CA98-4FB7-A57C-EFDD3053539E}.Debug|Any CPU.ActiveCfg = Debug|Any CPU
		{863E8225-CA98-4FB7-A57C-EFDD3053539E}.Debug|Any CPU.Build.0 = Debug|Any CPU
		{863E8225-CA98-4FB7-A57C-EFDD3053539E}.Release|Any CPU.ActiveCfg = Release|Any CPU
		{863E8225-CA98-4FB7-A57C-EFDD3053539E}.Release|Any CPU.Build.0 = Release|Any CPU
		{65CB8B4E-C1E3-49E4-AA34-F03547140DD7}.Debug|Any CPU.ActiveCfg = Debug|Any CPU
		{65CB8B4E-C1E3-49E4-AA34-F03547140DD7}.Debug|Any CPU.Build.0 = Debug|Any CPU
		{65CB8B4E-C1E3-49E4-AA34-F03547140DD7}.Release|Any CPU.ActiveCfg = Release|Any CPU
		{65CB8B4E-C1E3-49E4-AA34-F03547140DD7}.Release|Any CPU.Build.0 = Release|Any CPU
		{911532DF-F0A2-4FF5-87B5-D9AD63007223}.Debug|Any CPU.ActiveCfg = Debug|Any CPU
		{911532DF-F0A2-4FF5-87B5-D9AD63007223}.Debug|Any CPU.Build.0 = Debug|Any CPU
		{911532DF-F0A2-4FF5-87B5-D9AD63007223}.Release|Any CPU.ActiveCfg = Release|Any CPU
		{911532DF-F0A2-4FF5-87B5-D9AD63007223}.Release|Any CPU.Build.0 = Release|Any CPU
		{322597ED-A65E-43CE-BB3B-98266ED42129}.Debug|Any CPU.ActiveCfg = Debug|Any CPU
		{322597ED-A65E-43CE-BB3B-98266ED42129}.Debug|Any CPU.Build.0 = Debug|Any CPU
		{322597ED-A65E-43CE-BB3B-98266ED42129}.Release|Any CPU.ActiveCfg = Release|Any CPU
		{322597ED-A65E-43CE-BB3B-98266ED42129}.Release|Any CPU.Build.0 = Release|Any CPU
		{45448AF0-2D63-4149-97AF-2B6091A6BB67}.Debug|Any CPU.ActiveCfg = Debug|Any CPU
		{45448AF0-2D63-4149-97AF-2B6091A6BB67}.Debug|Any CPU.Build.0 = Debug|Any CPU
		{45448AF0-2D63-4149-97AF-2B6091A6BB67}.Release|Any CPU.ActiveCfg = Release|Any CPU
		{45448AF0-2D63-4149-97AF-2B6091A6BB67}.Release|Any CPU.Build.0 = Release|Any CPU
		{44104222-8A79-424F-B4DE-57DB55ED8D45}.Debug|Any CPU.ActiveCfg = Debug|Any CPU
		{44104222-8A79-424F-B4DE-57DB55ED8D45}.Debug|Any CPU.Build.0 = Debug|Any CPU
		{44104222-8A79-424F-B4DE-57DB55ED8D45}.Release|Any CPU.ActiveCfg = Release|Any CPU
		{44104222-8A79-424F-B4DE-57DB55ED8D45}.Release|Any CPU.Build.0 = Release|Any CPU
		{D9AC0083-8244-44C7-96F9-5984F5FEDCC2}.Debug|Any CPU.ActiveCfg = Debug|Any CPU
		{D9AC0083-8244-44C7-96F9-5984F5FEDCC2}.Debug|Any CPU.Build.0 = Debug|Any CPU
		{D9AC0083-8244-44C7-96F9-5984F5FEDCC2}.Release|Any CPU.ActiveCfg = Release|Any CPU
		{D9AC0083-8244-44C7-96F9-5984F5FEDCC2}.Release|Any CPU.Build.0 = Release|Any CPU
	EndGlobalSection
	GlobalSection(SolutionProperties) = preSolution
		HideSolutionNode = FALSE
	EndGlobalSection
	GlobalSection(NestedProjects) = preSolution
		{911532DF-F0A2-4FF5-87B5-D9AD63007223} = {64D7FF79-E3E1-4EE2-BF8D-34D0AD885A7D}
		{322597ED-A65E-43CE-BB3B-98266ED42129} = {64D7FF79-E3E1-4EE2-BF8D-34D0AD885A7D}
		{85A9500D-2C70-46D8-B5B5-43AA5D8B2F31} = {5C914F77-6156-4746-BE48-07332DFD9931}
		{3D3527B7-EEC0-44EF-92DE-9D131C47C07A} = {5C914F77-6156-4746-BE48-07332DFD9931}
		{EC9DEEA1-2A69-42D7-B94A-13B0DC88E420} = {5C914F77-6156-4746-BE48-07332DFD9931}
		{1F213249-0B50-47C1-8273-40E7AECC62F5} = {5C914F77-6156-4746-BE48-07332DFD9931}
		{45448AF0-2D63-4149-97AF-2B6091A6BB67} = {5C914F77-6156-4746-BE48-07332DFD9931}
		{75BD354D-E513-4645-952F-9CBE89B73DCD} = {10B547A7-0473-4503-BCEA-EA7A9846413C}
		{9E8B66AB-D59F-4A14-B134-09060B963F79} = {10B547A7-0473-4503-BCEA-EA7A9846413C}
		{86D03160-72F7-48CA-99B9-F2CBC596D63C} = {10B547A7-0473-4503-BCEA-EA7A9846413C}
		{44104222-8A79-424F-B4DE-57DB55ED8D45} = {10B547A7-0473-4503-BCEA-EA7A9846413C}
		{9EAB8823-FD8A-4A0C-8028-068DA610FB80} = {282313D6-0FF7-4F61-8782-2D13365BDFCB}
		{863E8225-CA98-4FB7-A57C-EFDD3053539E} = {282313D6-0FF7-4F61-8782-2D13365BDFCB}
		{65CB8B4E-C1E3-49E4-AA34-F03547140DD7} = {282313D6-0FF7-4F61-8782-2D13365BDFCB}
		{4F06D207-9332-4872-BDE8-AE9C392D9B73} = {B2770E45-661B-4E6A-A473-1C2A333C083E}
		{0161F194-8DA4-427E-95B6-CD28D01E64E6} = {BF2250BA-F4D4-4E61-A9F4-03696AF68DA8}
		{D9AC0083-8244-44C7-96F9-5984F5FEDCC2} = {BF2250BA-F4D4-4E61-A9F4-03696AF68DA8}
	EndGlobalSection
EndGlobal
